// !$*UTF8*$!
{
	archiveVersion = 1;
	classes = {
	};
	objectVersion = 46;
	objects = {

/* Begin PBXBuildFile section */
		50B217131C5A023100E54000 /* main.m in Sources */ = {isa = PBXBuildFile; fileRef = 50B217121C5A023100E54000 /* main.m */; };
		50B217161C5A023100E54000 /* AppDelegate.m in Sources */ = {isa = PBXBuildFile; fileRef = 50B217151C5A023100E54000 /* AppDelegate.m */; };
		50B217191C5A023100E54000 /* ViewController.m in Sources */ = {isa = PBXBuildFile; fileRef = 50B217181C5A023100E54000 /* ViewController.m */; };
		50B2171C1C5A023100E54000 /* Main.storyboard in Resources */ = {isa = PBXBuildFile; fileRef = 50B2171A1C5A023100E54000 /* Main.storyboard */; };
		50B2171E1C5A023100E54000 /* Assets.xcassets in Resources */ = {isa = PBXBuildFile; fileRef = 50B2171D1C5A023100E54000 /* Assets.xcassets */; };
		50B217211C5A023100E54000 /* LaunchScreen.storyboard in Resources */ = {isa = PBXBuildFile; fileRef = 50B2171F1C5A023100E54000 /* LaunchScreen.storyboard */; };
		50B217341C5A026500E54000 /* FMDatabase.m in Sources */ = {isa = PBXBuildFile; fileRef = 50B2172B1C5A026500E54000 /* FMDatabase.m */; };
		50B217351C5A026500E54000 /* FMResultSet.m in Sources */ = {isa = PBXBuildFile; fileRef = 50B2172D1C5A026500E54000 /* FMResultSet.m */; };
		50B217361C5A026500E54000 /* FMDatabaseQueue.m in Sources */ = {isa = PBXBuildFile; fileRef = 50B2172F1C5A026500E54000 /* FMDatabaseQueue.m */; };
		50B217371C5A026500E54000 /* FMDatabaseAdditions.m in Sources */ = {isa = PBXBuildFile; fileRef = 50B217311C5A026500E54000 /* FMDatabaseAdditions.m */; };
		50B217381C5A026500E54000 /* FMDatabasePool.m in Sources */ = {isa = PBXBuildFile; fileRef = 50B217331C5A026500E54000 /* FMDatabasePool.m */; };
		50B2173A1C5A029200E54000 /* libsqlite3.tbd in Frameworks */ = {isa = PBXBuildFile; fileRef = 50B217391C5A029200E54000 /* libsqlite3.tbd */; };
		50B2173E1C5A02D900E54000 /* AddViewController.m in Sources */ = {isa = PBXBuildFile; fileRef = 50B2173C1C5A02D900E54000 /* AddViewController.m */; };
		50B2173F1C5A02D900E54000 /* AddViewController.xib in Resources */ = {isa = PBXBuildFile; fileRef = 50B2173D1C5A02D900E54000 /* AddViewController.xib */; };
		50B217421C5A194D00E54000 /* ChangeViewController.m in Sources */ = {isa = PBXBuildFile; fileRef = 50B217411C5A194D00E54000 /* ChangeViewController.m */; };
		5192D45B1CAA8E54007654B8 /* TestProtocol.m in Sources */ = {isa = PBXBuildFile; fileRef = 5192D45A1CAA8E54007654B8 /* TestProtocol.m */; };
/* End PBXBuildFile section */

/* Begin PBXFileReference section */
		50B2170E1C5A023100E54000 /* SqlStudy.app */ = {isa = PBXFileReference; explicitFileType = wrapper.application; includeInIndex = 0; path = SqlStudy.app; sourceTree = BUILT_PRODUCTS_DIR; };
		50B217121C5A023100E54000 /* main.m */ = {isa = PBXFileReference; lastKnownFileType = sourcecode.c.objc; path = main.m; sourceTree = "<group>"; };
		50B217141C5A023100E54000 /* AppDelegate.h */ = {isa = PBXFileReference; lastKnownFileType = sourcecode.c.h; path = AppDelegate.h; sourceTree = "<group>"; };
		50B217151C5A023100E54000 /* AppDelegate.m */ = {isa = PBXFileReference; lastKnownFileType = sourcecode.c.objc; path = AppDelegate.m; sourceTree = "<group>"; };
		50B217171C5A023100E54000 /* ViewController.h */ = {isa = PBXFileReference; lastKnownFileType = sourcecode.c.h; path = ViewController.h; sourceTree = "<group>"; };
		50B217181C5A023100E54000 /* ViewController.m */ = {isa = PBXFileReference; lastKnownFileType = sourcecode.c.objc; path = ViewController.m; sourceTree = "<group>"; };
		50B2171B1C5A023100E54000 /* Base */ = {isa = PBXFileReference; lastKnownFileType = file.storyboard; name = Base; path = Base.lproj/Main.storyboard; sourceTree = "<group>"; };
		50B2171D1C5A023100E54000 /* Assets.xcassets */ = {isa = PBXFileReference; lastKnownFileType = folder.assetcatalog; path = Assets.xcassets; sourceTree = "<group>"; };
		50B217201C5A023100E54000 /* Base */ = {isa = PBXFileReference; lastKnownFileType = file.storyboard; name = Base; path = Base.lproj/LaunchScreen.storyboard; sourceTree = "<group>"; };
		50B217221C5A023100E54000 /* Info.plist */ = {isa = PBXFileReference; lastKnownFileType = text.plist.xml; path = Info.plist; sourceTree = "<group>"; };
		50B217291C5A026500E54000 /* FMDB.h */ = {isa = PBXFileReference; fileEncoding = 4; lastKnownFileType = sourcecode.c.h; path = FMDB.h; sourceTree = "<group>"; };
		50B2172A1C5A026500E54000 /* FMDatabase.h */ = {isa = PBXFileReference; fileEncoding = 4; lastKnownFileType = sourcecode.c.h; path = FMDatabase.h; sourceTree = "<group>"; };
		50B2172B1C5A026500E54000 /* FMDatabase.m */ = {isa = PBXFileReference; fileEncoding = 4; lastKnownFileType = sourcecode.c.objc; path = FMDatabase.m; sourceTree = "<group>"; };
		50B2172C1C5A026500E54000 /* FMResultSet.h */ = {isa = PBXFileReference; fileEncoding = 4; lastKnownFileType = sourcecode.c.h; path = FMResultSet.h; sourceTree = "<group>"; };
		50B2172D1C5A026500E54000 /* FMResultSet.m */ = {isa = PBXFileReference; fileEncoding = 4; lastKnownFileType = sourcecode.c.objc; path = FMResultSet.m; sourceTree = "<group>"; };
		50B2172E1C5A026500E54000 /* FMDatabaseQueue.h */ = {isa = PBXFileReference; fileEncoding = 4; lastKnownFileType = sourcecode.c.h; path = FMDatabaseQueue.h; sourceTree = "<group>"; };
		50B2172F1C5A026500E54000 /* FMDatabaseQueue.m */ = {isa = PBXFileReference; fileEncoding = 4; lastKnownFileType = sourcecode.c.objc; path = FMDatabaseQueue.m; sourceTree = "<group>"; };
		50B217301C5A026500E54000 /* FMDatabaseAdditions.h */ = {isa = PBXFileReference; fileEncoding = 4; lastKnownFileType = sourcecode.c.h; path = FMDatabaseAdditions.h; sourceTree = "<group>"; };
		50B217311C5A026500E54000 /* FMDatabaseAdditions.m */ = {isa = PBXFileReference; fileEncoding = 4; lastKnownFileType = sourcecode.c.objc; path = FMDatabaseAdditions.m; sourceTree = "<group>"; };
		50B217321C5A026500E54000 /* FMDatabasePool.h */ = {isa = PBXFileReference; fileEncoding = 4; lastKnownFileType = sourcecode.c.h; path = FMDatabasePool.h; sourceTree = "<group>"; };
		50B217331C5A026500E54000 /* FMDatabasePool.m */ = {isa = PBXFileReference; fileEncoding = 4; lastKnownFileType = sourcecode.c.objc; path = FMDatabasePool.m; sourceTree = "<group>"; };
		50B217391C5A029200E54000 /* libsqlite3.tbd */ = {isa = PBXFileReference; lastKnownFileType = "sourcecode.text-based-dylib-definition"; name = libsqlite3.tbd; path = usr/lib/libsqlite3.tbd; sourceTree = SDKROOT; };
		50B2173B1C5A02D900E54000 /* AddViewController.h */ = {isa = PBXFileReference; fileEncoding = 4; lastKnownFileType = sourcecode.c.h; path = AddViewController.h; sourceTree = "<group>"; };
		50B2173C1C5A02D900E54000 /* AddViewController.m */ = {isa = PBXFileReference; fileEncoding = 4; lastKnownFileType = sourcecode.c.objc; path = AddViewController.m; sourceTree = "<group>"; };
		50B2173D1C5A02D900E54000 /* AddViewController.xib */ = {isa = PBXFileReference; fileEncoding = 4; lastKnownFileType = file.xib; path = AddViewController.xib; sourceTree = "<group>"; };
		50B217401C5A194D00E54000 /* ChangeViewController.h */ = {isa = PBXFileReference; fileEncoding = 4; lastKnownFileType = sourcecode.c.h; path = ChangeViewController.h; sourceTree = "<group>"; };
		50B217411C5A194D00E54000 /* ChangeViewController.m */ = {isa = PBXFileReference; fileEncoding = 4; lastKnownFileType = sourcecode.c.objc; path = ChangeViewController.m; sourceTree = "<group>"; };
		5192D4591CAA8E54007654B8 /* TestProtocol.h */ = {isa = PBXFileReference; fileEncoding = 4; lastKnownFileType = sourcecode.c.h; path = TestProtocol.h; sourceTree = "<group>"; };
		5192D45A1CAA8E54007654B8 /* TestProtocol.m */ = {isa = PBXFileReference; fileEncoding = 4; lastKnownFileType = sourcecode.c.objc; path = TestProtocol.m; sourceTree = "<group>"; };
/* End PBXFileReference section */

/* Begin PBXFrameworksBuildPhase section */
		50B2170B1C5A023100E54000 /* Frameworks */ = {
			isa = PBXFrameworksBuildPhase;
			buildActionMask = 2147483647;
			files = (
				50B2173A1C5A029200E54000 /* libsqlite3.tbd in Frameworks */,
			);
			runOnlyForDeploymentPostprocessing = 0;
		};
/* End PBXFrameworksBuildPhase section */

/* Begin PBXGroup section */
		50B217051C5A023100E54000 = {
			isa = PBXGroup;
			children = (
				50B217391C5A029200E54000 /* libsqlite3.tbd */,
				50B217101C5A023100E54000 /* SqlStudy */,
				50B2170F1C5A023100E54000 /* Products */,
			);
			sourceTree = "<group>";
		};
		50B2170F1C5A023100E54000 /* Products */ = {
			isa = PBXGroup;
			children = (
				50B2170E1C5A023100E54000 /* SqlStudy.app */,
			);
			name = Products;
			sourceTree = "<group>";
		};
		50B217101C5A023100E54000 /* SqlStudy */ = {
			isa = PBXGroup;
			children = (
				50B217281C5A025900E54000 /* FMDB */,
				50B217141C5A023100E54000 /* AppDelegate.h */,
				50B217151C5A023100E54000 /* AppDelegate.m */,
				50B217171C5A023100E54000 /* ViewController.h */,
				50B217181C5A023100E54000 /* ViewController.m */,
				5192D4591CAA8E54007654B8 /* TestProtocol.h */,
				5192D45A1CAA8E54007654B8 /* TestProtocol.m */,
				50B217401C5A194D00E54000 /* ChangeViewController.h */,
				50B217411C5A194D00E54000 /* ChangeViewController.m */,
				50B2173B1C5A02D900E54000 /* AddViewController.h */,
				50B2173C1C5A02D900E54000 /* AddViewController.m */,
				50B2173D1C5A02D900E54000 /* AddViewController.xib */,
				50B2171A1C5A023100E54000 /* Main.storyboard */,
				50B2171D1C5A023100E54000 /* Assets.xcassets */,
				50B2171F1C5A023100E54000 /* LaunchScreen.storyboard */,
				50B217221C5A023100E54000 /* Info.plist */,
				50B217111C5A023100E54000 /* Supporting Files */,
			);
			path = SqlStudy;
			sourceTree = "<group>";
		};
		50B217111C5A023100E54000 /* Supporting Files */ = {
			isa = PBXGroup;
			children = (
				50B217121C5A023100E54000 /* main.m */,
			);
			name = "Supporting Files";
			sourceTree = "<group>";
		};
		50B217281C5A025900E54000 /* FMDB */ = {
			isa = PBXGroup;
			children = (
				50B217291C5A026500E54000 /* FMDB.h */,
				50B2172A1C5A026500E54000 /* FMDatabase.h */,
				50B2172B1C5A026500E54000 /* FMDatabase.m */,
				50B2172C1C5A026500E54000 /* FMResultSet.h */,
				50B2172D1C5A026500E54000 /* FMResultSet.m */,
				50B2172E1C5A026500E54000 /* FMDatabaseQueue.h */,
				50B2172F1C5A026500E54000 /* FMDatabaseQueue.m */,
				50B217301C5A026500E54000 /* FMDatabaseAdditions.h */,
				50B217311C5A026500E54000 /* FMDatabaseAdditions.m */,
				50B217321C5A026500E54000 /* FMDatabasePool.h */,
				50B217331C5A026500E54000 /* FMDatabasePool.m */,
			);
			path = FMDB;
			sourceTree = "<group>";
		};
/* End PBXGroup section */

/* Begin PBXNativeTarget section */
		50B2170D1C5A023100E54000 /* SqlStudy */ = {
			isa = PBXNativeTarget;
			buildConfigurationList = 50B217251C5A023100E54000 /* Build configuration list for PBXNativeTarget "SqlStudy" */;
			buildPhases = (
				50B2170A1C5A023100E54000 /* Sources */,
				50B2170B1C5A023100E54000 /* Frameworks */,
				50B2170C1C5A023100E54000 /* Resources */,
			);
			buildRules = (
			);
			dependencies = (
			);
			name = SqlStudy;
			productName = SqlStudy;
			productReference = 50B2170E1C5A023100E54000 /* SqlStudy.app */;
			productType = "com.apple.product-type.application";
		};
/* End PBXNativeTarget section */

/* Begin PBXProject section */
		50B217061C5A023100E54000 /* Project object */ = {
			isa = PBXProject;
			attributes = {
				LastUpgradeCheck = 0720;
				ORGANIZATIONNAME = GFENG;
				TargetAttributes = {
					50B2170D1C5A023100E54000 = {
						CreatedOnToolsVersion = 7.2;
						DevelopmentTeam = AX2X2EV49N;
					};
				};
			};
			buildConfigurationList = 50B217091C5A023100E54000 /* Build configuration list for PBXProject "SqlStudy" */;
			compatibilityVersion = "Xcode 3.2";
			developmentRegion = English;
			hasScannedForEncodings = 0;
			knownRegions = (
				en,
				Base,
			);
			mainGroup = 50B217051C5A023100E54000;
			productRefGroup = 50B2170F1C5A023100E54000 /* Products */;
			projectDirPath = "";
			projectRoot = "";
			targets = (
				50B2170D1C5A023100E54000 /* SqlStudy */,
			);
		};
/* End PBXProject section */

/* Begin PBXResourcesBuildPhase section */
		50B2170C1C5A023100E54000 /* Resources */ = {
			isa = PBXResourcesBuildPhase;
			buildActionMask = 2147483647;
			files = (
				50B217211C5A023100E54000 /* LaunchScreen.storyboard in Resources */,
				50B2171E1C5A023100E54000 /* Assets.xcassets in Resources */,
				50B2173F1C5A02D900E54000 /* AddViewController.xib in Resources */,
				50B2171C1C5A023100E54000 /* Main.storyboard in Resources */,
			);
			runOnlyForDeploymentPostprocessing = 0;
		};
/* End PBXResourcesBuildPhase section */

/* Begin PBXSourcesBuildPhase section */
		50B2170A1C5A023100E54000 /* Sources */ = {
			isa = PBXSourcesBuildPhase;
			buildActionMask = 2147483647;
			files = (
				5192D45B1CAA8E54007654B8 /* TestProtocol.m in Sources */,
				50B217421C5A194D00E54000 /* ChangeViewController.m in Sources */,
				50B217191C5A023100E54000 /* ViewController.m in Sources */,
				50B217161C5A023100E54000 /* AppDelegate.m in Sources */,
				50B217131C5A023100E54000 /* main.m in Sources */,
				50B217341C5A026500E54000 /* FMDatabase.m in Sources */,
				50B217351C5A026500E54000 /* FMResultSet.m in Sources */,
				50B217381C5A026500E54000 /* FMDatabasePool.m in Sources */,
				50B217371C5A026500E54000 /* FMDatabaseAdditions.m in Sources */,
				50B217361C5A026500E54000 /* FMDatabaseQueue.m in Sources */,
				50B2173E1C5A02D900E54000 /* AddViewController.m in Sources */,
			);
			runOnlyForDeploymentPostprocessing = 0;
		};
/* End PBXSourcesBuildPhase section */

/* Begin PBXVariantGroup section */
		50B2171A1C5A023100E54000 /* Main.storyboard */ = {
			isa = PBXVariantGroup;
			children = (
				50B2171B1C5A023100E54000 /* Base */,
			);
			name = Main.storyboard;
			sourceTree = "<group>";
		};
		50B2171F1C5A023100E54000 /* LaunchScreen.storyboard */ = {
			isa = PBXVariantGroup;
			children = (
				50B217201C5A023100E54000 /* Base */,
			);
			name = LaunchScreen.storyboard;
			sourceTree = "<group>";
		};
/* End PBXVariantGroup section */

/* Begin XCBuildConfiguration section */
		50B217231C5A023100E54000 /* Debug */ = {
			isa = XCBuildConfiguration;
			buildSettings = {
				ALWAYS_SEARCH_USER_PATHS = NO;
				CLANG_CXX_LANGUAGE_STANDARD = "gnu++0x";
				CLANG_CXX_LIBRARY = "libc++";
				CLANG_ENABLE_MODULES = YES;
				CLANG_ENABLE_OBJC_ARC = YES;
				CLANG_WARN_BOOL_CONVERSION = YES;
				CLANG_WARN_CONSTANT_CONVERSION = YES;
				CLANG_WARN_DIRECT_OBJC_ISA_USAGE = YES_ERROR;
				CLANG_WARN_EMPTY_BODY = YES;
				CLANG_WARN_ENUM_CONVERSION = YES;
				CLANG_WARN_INT_CONVERSION = YES;
				CLANG_WARN_OBJC_ROOT_CLASS = YES_ERROR;
				CLANG_WARN_UNREACHABLE_CODE = YES;
				CLANG_WARN__DUPLICATE_METHOD_MATCH = YES;
				"CODE_SIGN_IDENTITY[sdk=iphoneos*]" = "iPhone Developer";
				COPY_PHASE_STRIP = NO;
				DEBUG_INFORMATION_FORMAT = dwarf;
				ENABLE_STRICT_OBJC_MSGSEND = YES;
				ENABLE_TESTABILITY = YES;
				GCC_C_LANGUAGE_STANDARD = gnu99;
				GCC_DYNAMIC_NO_PIC = NO;
				GCC_NO_COMMON_BLOCKS = YES;
				GCC_OPTIMIZATION_LEVEL = 0;
				GCC_PREPROCESSOR_DEFINITIONS = (
					"DEBUG=1",
					"$(inherited)",
				);
				GCC_WARN_64_TO_32_BIT_CONVERSION = YES;
				GCC_WARN_ABOUT_RETURN_TYPE = YES_ERROR;
				GCC_WARN_UNDECLARED_SELECTOR = YES;
				GCC_WARN_UNINITIALIZED_AUTOS = YES_AGGRESSIVE;
				GCC_WARN_UNUSED_FUNCTION = YES;
				GCC_WARN_UNUSED_VARIABLE = YES;
				IPHONEOS_DEPLOYMENT_TARGET = 9.2;
				MTL_ENABLE_DEBUG_INFO = YES;
				ONLY_ACTIVE_ARCH = YES;
				SDKROOT = iphoneos;
			};
			name = Debug;
		};
		50B217241C5A023100E54000 /* Release */ = {
			isa = XCBuildConfiguration;
			buildSettings = {
				ALWAYS_SEARCH_USER_PATHS = NO;
				CLANG_CXX_LANGUAGE_STANDARD = "gnu++0x";
				CLANG_CXX_LIBRARY = "libc++";
				CLANG_ENABLE_MODULES = YES;
				CLANG_ENABLE_OBJC_ARC = YES;
				CLANG_WARN_BOOL_CONVERSION = YES;
				CLANG_WARN_CONSTANT_CONVERSION = YES;
				CLANG_WARN_DIRECT_OBJC_ISA_USAGE = YES_ERROR;
				CLANG_WARN_EMPTY_BODY = YES;
				CLANG_WARN_ENUM_CONVERSION = YES;
				CLANG_WARN_INT_CONVERSION = YES;
				CLANG_WARN_OBJC_ROOT_CLASS = YES_ERROR;
				CLANG_WARN_UNREACHABLE_CODE = YES;
				CLANG_WARN__DUPLICATE_METHOD_MATCH = YES;
				"CODE_SIGN_IDENTITY[sdk=iphoneos*]" = "iPhone Developer";
				COPY_PHASE_STRIP = NO;
				DEBUG_INFORMATION_FORMAT = "dwarf-with-dsym";
				ENABLE_NS_ASSERTIONS = NO;
				ENABLE_STRICT_OBJC_MSGSEND = YES;
				GCC_C_LANGUAGE_STANDARD = gnu99;
				GCC_NO_COMMON_BLOCKS = YES;
				GCC_WARN_64_TO_32_BIT_CONVERSION = YES;
				GCC_WARN_ABOUT_RETURN_TYPE = YES_ERROR;
				GCC_WARN_UNDECLARED_SELECTOR = YES;
				GCC_WARN_UNINITIALIZED_AUTOS = YES_AGGRESSIVE;
				GCC_WARN_UNUSED_FUNCTION = YES;
				GCC_WARN_UNUSED_VARIABLE = YES;
				IPHONEOS_DEPLOYMENT_TARGET = 9.2;
				MTL_ENABLE_DEBUG_INFO = NO;
				SDKROOT = iphoneos;
				VALIDATE_PRODUCT = YES;
			};
			name = Release;
		};
		50B217261C5A023100E54000 /* Debug */ = {
			isa = XCBuildConfiguration;
			buildSettings = {
				ASSETCATALOG_COMPILER_APPICON_NAME = AppIcon;
				INFOPLIST_FILE = SqlStudy/Info.plist;
				LD_RUNPATH_SEARCH_PATHS = "$(inherited) @executable_path/Frameworks";
				PRODUCT_BUNDLE_IDENTIFIER = GFENG.SqlStudy;
				PRODUCT_NAME = "$(TARGET_NAME)";
			};
			name = Debug;
		};
		50B217271C5A023100E54000 /* Release */ = {
			isa = XCBuildConfiguration;
			buildSettings = {
				ASSETCATALOG_COMPILER_APPICON_NAME = AppIcon;
				INFOPLIST_FILE = SqlStudy/Info.plist;
				LD_RUNPATH_SEARCH_PATHS = "$(inherited) @executable_path/Frameworks";
				PRODUCT_BUNDLE_IDENTIFIER = GFENG.SqlStudy;
				PRODUCT_NAME = "$(TARGET_NAME)";
			};
			name = Release;
		};
/* End XCBuildConfiguration section */

/* Begin XCConfigurationList section */
		50B217091C5A023100E54000 /* Build configuration list for PBXProject "SqlStudy" */ = {
			isa = XCConfigurationList;
			buildConfigurations = (
				50B217231C5A023100E54000 /* Debug */,
				50B217241C5A023100E54000 /* Release */,
			);
			defaultConfigurationIsVisible = 0;
			defaultConfigurationName = Release;
		};
		50B217251C5A023100E54000 /* Build configuration list for PBXNativeTarget "SqlStudy" */ = {
			isa = XCConfigurationList;
			buildConfigurations = (
				50B217261C5A023100E54000 /* Debug */,
				50B217271C5A023100E54000 /* Release */,
			);
			defaultConfigurationIsVisible = 0;
			defaultConfigurationName = Release;
		};
/* End XCConfigurationList section */
	};
	rootObject = 50B217061C5A023100E54000 /* Project object */;
}
